{
  "name": "weatherappnodejs",
  "version": "1.0.0",
  "lockfileVersion": 3,
  "requires": true,
  "packages": {
    "": {
      "name": "weatherappnodejs",
      "version": "1.0.0",
      "license": "ISC",
      "dependencies": {
        "axios": "^1.6.5",
        "dotenv": "^8.2.0",
        "requests": "^0.3.0"
      }
    },
    "node_modules/asynckit": {
      "version": "0.4.0",
      "resolved": "https://registry.npmjs.org/asynckit/-/asynckit-0.4.0.tgz",
      "integrity": "sha512-Oei9OH4tRh0YqU3GxhX79dM/mwVgvbZJaSNaRk+bshkj0S5cfHcgYakreBjrHwatXKbz+IoIdYLxrKim2MjW0Q=="
    },
    "node_modules/axios": {
      "version": "1.6.5",
      "resolved": "https://registry.npmjs.org/axios/-/axios-1.6.5.tgz",
      "integrity": "sha512-Ii012v05KEVuUoFWmMW/UQv9aRIc3ZwkWDcM+h5Il8izZCtRVpDUfwpoFf7eOtajT3QiGR4yDUx7lPqHJULgbg==",
      "dependencies": {
        "follow-redirects": "^1.15.4",
        "form-data": "^4.0.0",
        "proxy-from-env": "^1.1.0"
      }
    },
    "node_modules/axo": {
      "version": "0.0.2",
      "resolved": "https://registry.npmjs.org/axo/-/axo-0.0.2.tgz",
      "integrity": "sha1-STVfu+qzhEm8ppahqsxGml7p/Uc="
    },
    "node_modules/combined-stream": {
      "version": "1.0.8",
      "resolved": "https://registry.npmjs.org/combined-stream/-/combined-stream-1.0.8.tgz",
      "integrity": "sha512-FQN4MRfuJeHf7cBbBMJFXhKSDq+2kAArBlmRBvcvFE5BB1HZKXtSFASDhdlz9zOYwxh8lDdnvmMOe/+5cdoEdg==",
      "dependencies": {
        "delayed-stream": "~1.0.0"
      },
      "engines": {
        "node": ">= 0.8"
      }
    },
    "node_modules/delayed-stream": {
      "version": "1.0.0",
      "resolved": "https://registry.npmjs.org/delayed-stream/-/delayed-stream-1.0.0.tgz",
      "integrity": "sha512-ZySD7Nf91aLB0RxL4KGrKHBXl7Eds1DAmEdcoVawXnLD7SDhpNgtuII2aAkg7a7QS41jxPSZ17p4VdGnMHk3MQ==",
      "engines": {
        "node": ">=0.4.0"
      }
    },
    "node_modules/dotenv": {
      "version": "8.2.0",
      "resolved": "https://registry.npmjs.org/dotenv/-/dotenv-8.2.0.tgz",
      "integrity": "sha512-8sJ78ElpbDJBHNeBzUbUVLsqKdccaa/BXF1uPTw3GrvQTBgrQrtObr2mUrE38vzYd8cEv+m/JBfDLioYcfXoaw==",
      "engines": {
        "node": ">=8"
      }
    },
    "node_modules/eventemitter3": {
      "version": "4.0.7",
      "resolved": "https://registry.npmjs.org/eventemitter3/-/eventemitter3-4.0.7.tgz",
      "integrity": "sha512-8guHBZCwKnFhYdHr2ysuRWErTwhoN2X8XELRlrRwpmfeY2jjuUN4taQMsULKUVo1K4DvZl+0pgfyoysHxvmvEw=="
    },
    "node_modules/extendible": {
      "version": "0.1.1",
      "resolved": "https://registry.npmjs.org/extendible/-/extendible-0.1.1.tgz",
      "integrity": "sha1-4qN+2HEp+0+VM+io11BiMKU5yQU="
    },
    "node_modules/failure": {
      "version": "1.1.1",
      "resolved": "https://registry.npmjs.org/failure/-/failure-1.1.1.tgz",
      "integrity": "sha1-qOg9OxYC0kaL/2rU2QceAQO4Goc="
    },
    "node_modules/follow-redirects": {
      "version": "1.15.5",
      "resolved": "https://registry.npmjs.org/follow-redirects/-/follow-redirects-1.15.5.tgz",
      "integrity": "sha512-vSFWUON1B+yAw1VN4xMfxgn5fTUiaOzAJCKBwIIgT/+7CuGy9+r+5gITvP62j3RmaD5Ph65UaERdOSRGUzZtgw==",
      "funding": [
        {
          "type": "individual",
          "url": "https://github.com/sponsors/RubenVerborgh"
        }
      ],
      "engines": {
        "node": ">=4.0"
      },
      "peerDependenciesMeta": {
        "debug": {
          "optional": true
        }
      }
    },
    "node_modules/form-data": {
      "version": "4.0.0",
      "resolved": "https://registry.npmjs.org/form-data/-/form-data-4.0.0.tgz",
      "integrity": "sha512-ETEklSGi5t0QMZuiXoA/Q6vcnxcLQP5vdugSpuAyi6SVGi2clPPp+xgEhuMaHC+zGgn31Kd235W35f7Hykkaww==",
      "dependencies": {
        "asynckit": "^0.4.0",
        "combined-stream": "^1.0.8",
        "mime-types": "^2.1.12"
      },
      "engines": {
        "node": ">= 6"
      }
    },
    "node_modules/hang": {
      "version": "1.0.0",
      "resolved": "https://registry.npmjs.org/hang/-/hang-1.0.0.tgz",
      "integrity": "sha1-ZwUIeYRENeAq4ECcT0VTxkOOHXE="
    },
    "node_modules/loads": {
      "version": "0.0.4",
      "resolved": "https://registry.npmjs.org/loads/-/loads-0.0.4.tgz",
      "integrity": "sha1-l/MBY5fnDd/0gLgexjjO6iKgqZw=",
      "dependencies": {
        "failure": "1.1.x",
        "one-time": "0.0.x",
        "xhr-response": "1.0.x",
        "xhr-status": "1.0.x"
      }
    },
    "node_modules/mime-db": {
      "version": "1.52.0",
      "resolved": "https://registry.npmjs.org/mime-db/-/mime-db-1.52.0.tgz",
      "integrity": "sha512-sPU4uV7dYlvtWJxwwxHD0PuihVNiE7TyAbQ5SWxDCB9mUYvOgroQOwYQQOKPJ8CIbE+1ETVlOoK1UC2nU3gYvg==",
      "engines": {
        "node": ">= 0.6"
      }
    },
    "node_modules/mime-types": {
      "version": "2.1.35",
      "resolved": "https://registry.npmjs.org/mime-types/-/mime-types-2.1.35.tgz",
      "integrity": "sha512-ZDY+bPm5zTTF+YpCrAU9nK0UgICYPT0QtT1NZWFv4s++TNkcgVaT0g6+4R2uI4MjQjzysHB1zxuWL50hzaeXiw==",
      "dependencies": {
        "mime-db": "1.52.0"
      },
      "engines": {
        "node": ">= 0.6"
      }
    },
    "node_modules/node-http-xhr": {
      "version": "1.3.4",
      "resolved": "https://registry.npmjs.org/node-http-xhr/-/node-http-xhr-1.3.4.tgz",
      "integrity": "sha512-0bA08/2RKWxw6pMkOVd3KP+0F5+ifQLMMTDxrCgxlgkoU1N8DhCbCSAYEqpgaVYM2smvbVVewiXjW+8AyoLfxQ=="
    },
    "node_modules/one-time": {
      "version": "0.0.4",
      "resolved": "https://registry.npmjs.org/one-time/-/one-time-0.0.4.tgz",
      "integrity": "sha1-+M33eISCb+Tf+T46nMN7HkSAdC4="
    },
    "node_modules/proxy-from-env": {
      "version": "1.1.0",
      "resolved": "https://registry.npmjs.org/proxy-from-env/-/proxy-from-env-1.1.0.tgz",
      "integrity": "sha512-D+zkORCbA9f1tdWRK0RaCR3GPv50cMxcrz4X8k5LTSUD1Dkw47mKJEZQNunItRTkWwgtaUSo1RVFRIG9ZXiFYg=="
    },
    "node_modules/requests": {
      "version": "0.3.0",
      "resolved": "https://registry.npmjs.org/requests/-/requests-0.3.0.tgz",
      "integrity": "sha512-1B6nkiHjC1O1cSgFhEwkc+xd8vuj04h7xSmCg5yI8nmhCIKbPkX47od8erQ2pokBt5qxUO7dwP4jplXD6k6ISA==",
      "dependencies": {
        "axo": "0.0.x",
        "eventemitter3": "~4.0.0",
        "extendible": "0.1.x",
        "hang": "1.0.x",
        "loads": "0.0.x",
        "node-http-xhr": "~1.3.0",
        "xhr-send": "1.0.x"
      }
    },
    "node_modules/xhr-response": {
      "version": "1.0.1",
      "resolved": "https://registry.npmjs.org/xhr-response/-/xhr-response-1.0.1.tgz",
      "integrity": "sha1-r/46CFRLpyGG5NxSzQImZx2Gc/4="
    },
    "node_modules/xhr-send": {
      "version": "1.0.0",
      "resolved": "https://registry.npmjs.org/xhr-send/-/xhr-send-1.0.0.tgz",
      "integrity": "sha1-GkDHPl2yAo7gj+kPXD1tx/eWqFQ="
    },
    "node_modules/xhr-status": {
      "version": "1.0.1",
      "resolved": "https://registry.npmjs.org/xhr-status/-/xhr-status-1.0.1.tgz",
      "integrity": "sha512-VF0WSqtmkf56OmF26LCWsWvRb1a+WYGdHDoQnPPCVUQTM8CVUAOBcUDsm7nP7SQcgEEdrvF4DmhEADuXdGieyw=="
    }
  }
}
